// !$*UTF8*$!
{
	archiveVersion = 1;
	classes = {
	};
	objectVersion = 55;
	objects = {

/* Begin PBXBuildFile section */
		F3655EBE283B7C49006FE545 /* OnboardingViewController.swift in Sources */ = {isa = PBXBuildFile; fileRef = F3655EBD283B7C49006FE545 /* OnboardingViewController.swift */; };
		F3655EC2283B8003006FE545 /* UIView+Extension.swift in Sources */ = {isa = PBXBuildFile; fileRef = F3655EC1283B8003006FE545 /* UIView+Extension.swift */; };
		F3655EC4283B8251006FE545 /* OnboardingSlide.swift in Sources */ = {isa = PBXBuildFile; fileRef = F3655EC3283B8251006FE545 /* OnboardingSlide.swift */; };
		F3655EC6283B855B006FE545 /* OnboardingCollectionViewCell.swift in Sources */ = {isa = PBXBuildFile; fileRef = F3655EC5283B855B006FE545 /* OnboardingCollectionViewCell.swift */; };
		F3ACC96C283AC75E00EF9A53 /* AppDelegate.swift in Sources */ = {isa = PBXBuildFile; fileRef = F3ACC96B283AC75E00EF9A53 /* AppDelegate.swift */; };
		F3ACC96E283AC75E00EF9A53 /* SceneDelegate.swift in Sources */ = {isa = PBXBuildFile; fileRef = F3ACC96D283AC75E00EF9A53 /* SceneDelegate.swift */; };
		F3ACC973283AC75E00EF9A53 /* Main.storyboard in Resources */ = {isa = PBXBuildFile; fileRef = F3ACC971283AC75E00EF9A53 /* Main.storyboard */; };
		F3ACC975283AC76000EF9A53 /* Assets.xcassets in Resources */ = {isa = PBXBuildFile; fileRef = F3ACC974283AC76000EF9A53 /* Assets.xcassets */; };
		F3ACC978283AC76000EF9A53 /* LaunchScreen.storyboard in Resources */ = {isa = PBXBuildFile; fileRef = F3ACC976283AC76000EF9A53 /* LaunchScreen.storyboard */; };
		F3F637BC283EA7540022EBAB /* MenuViewController.swift in Sources */ = {isa = PBXBuildFile; fileRef = F3F637BB283EA7540022EBAB /* MenuViewController.swift */; };
		F3FBCA3D283D451F00B82873 /* ListOfCafe.swift in Sources */ = {isa = PBXBuildFile; fileRef = F3FBCA3C283D451F00B82873 /* ListOfCafe.swift */; };
		F3FBCA41283D6F8700B82873 /* HomeViewController.swift in Sources */ = {isa = PBXBuildFile; fileRef = F3FBCA40283D6F8700B82873 /* HomeViewController.swift */; };
/* End PBXBuildFile section */

/* Begin PBXFileReference section */
		F3655EBD283B7C49006FE545 /* OnboardingViewController.swift */ = {isa = PBXFileReference; lastKnownFileType = sourcecode.swift; path = OnboardingViewController.swift; sourceTree = "<group>"; };
		F3655EC1283B8003006FE545 /* UIView+Extension.swift */ = {isa = PBXFileReference; lastKnownFileType = sourcecode.swift; path = "UIView+Extension.swift"; sourceTree = "<group>"; };
		F3655EC3283B8251006FE545 /* OnboardingSlide.swift */ = {isa = PBXFileReference; lastKnownFileType = sourcecode.swift; path = OnboardingSlide.swift; sourceTree = "<group>"; };
		F3655EC5283B855B006FE545 /* OnboardingCollectionViewCell.swift */ = {isa = PBXFileReference; lastKnownFileType = sourcecode.swift; path = OnboardingCollectionViewCell.swift; sourceTree = "<group>"; };
		F3ACC968283AC75E00EF9A53 /* DiFood.app */ = {isa = PBXFileReference; explicitFileType = wrapper.application; includeInIndex = 0; path = DiFood.app; sourceTree = BUILT_PRODUCTS_DIR; };
		F3ACC96B283AC75E00EF9A53 /* AppDelegate.swift */ = {isa = PBXFileReference; lastKnownFileType = sourcecode.swift; path = AppDelegate.swift; sourceTree = "<group>"; };
		F3ACC96D283AC75E00EF9A53 /* SceneDelegate.swift */ = {isa = PBXFileReference; lastKnownFileType = sourcecode.swift; path = SceneDelegate.swift; sourceTree = "<group>"; };
		F3ACC972283AC75E00EF9A53 /* Base */ = {isa = PBXFileReference; lastKnownFileType = file.storyboard; name = Base; path = Base.lproj/Main.storyboard; sourceTree = "<group>"; };
		F3ACC974283AC76000EF9A53 /* Assets.xcassets */ = {isa = PBXFileReference; lastKnownFileType = folder.assetcatalog; path = Assets.xcassets; sourceTree = "<group>"; };
		F3ACC977283AC76000EF9A53 /* Base */ = {isa = PBXFileReference; lastKnownFileType = file.storyboard; name = Base; path = Base.lproj/LaunchScreen.storyboard; sourceTree = "<group>"; };
		F3ACC979283AC76000EF9A53 /* Info.plist */ = {isa = PBXFileReference; lastKnownFileType = text.plist.xml; path = Info.plist; sourceTree = "<group>"; };
		F3F637BB283EA7540022EBAB /* MenuViewController.swift */ = {isa = PBXFileReference; lastKnownFileType = sourcecode.swift; path = MenuViewController.swift; sourceTree = "<group>"; };
		F3FBCA3C283D451F00B82873 /* ListOfCafe.swift */ = {isa = PBXFileReference; lastKnownFileType = sourcecode.swift; path = ListOfCafe.swift; sourceTree = "<group>"; };
		F3FBCA40283D6F8700B82873 /* HomeViewController.swift */ = {isa = PBXFileReference; lastKnownFileType = sourcecode.swift; path = HomeViewController.swift; sourceTree = "<group>"; };
/* End PBXFileReference section */

/* Begin PBXFrameworksBuildPhase section */
		F3ACC965283AC75E00EF9A53 /* Frameworks */ = {
			isa = PBXFrameworksBuildPhase;
			buildActionMask = 2147483647;
			files = (
			);
			runOnlyForDeploymentPostprocessing = 0;
		};
/* End PBXFrameworksBuildPhase section */

/* Begin PBXGroup section */
		F3655EB8283B774D006FE545 /* CustomViews */ = {
			isa = PBXGroup;
			children = (
			);
			path = CustomViews;
			sourceTree = "<group>";
		};
		F3655EBA283B77C2006FE545 /* Onboarding */ = {
			isa = PBXGroup;
			children = (
				F3655EBD283B7C49006FE545 /* OnboardingViewController.swift */,
				F3655EC5283B855B006FE545 /* OnboardingCollectionViewCell.swift */,
			);
			path = Onboarding;
			sourceTree = "<group>";
		};
		F3655EC0283B7FDC006FE545 /* Extensions */ = {
			isa = PBXGroup;
			children = (
				F3655EC1283B8003006FE545 /* UIView+Extension.swift */,
			);
			path = Extensions;
			sourceTree = "<group>";
		};
		F3ACC95F283AC75E00EF9A53 = {
			isa = PBXGroup;
			children = (
				F3ACC96A283AC75E00EF9A53 /* DiFood */,
				F3ACC969283AC75E00EF9A53 /* Products */,
			);
			sourceTree = "<group>";
		};
		F3ACC969283AC75E00EF9A53 /* Products */ = {
			isa = PBXGroup;
			children = (
				F3ACC968283AC75E00EF9A53 /* DiFood.app */,
			);
			name = Products;
			sourceTree = "<group>";
		};
		F3ACC96A283AC75E00EF9A53 /* DiFood */ = {
			isa = PBXGroup;
			children = (
				F3655EC0283B7FDC006FE545 /* Extensions */,
				F3655EB8283B774D006FE545 /* CustomViews */,
				F3ACC982283AD29700EF9A53 /* Models */,
				F3ACC980283AD28800EF9A53 /* Controller */,
				F3ACC97F283AD27F00EF9A53 /* Main Settings */,
				F3ACC974283AC76000EF9A53 /* Assets.xcassets */,
				F3ACC979283AC76000EF9A53 /* Info.plist */,
				F3ACC981283AD28E00EF9A53 /* Views */,
			);
			path = DiFood;
			sourceTree = "<group>";
		};
		F3ACC97F283AD27F00EF9A53 /* Main Settings */ = {
			isa = PBXGroup;
			children = (
				F3ACC96D283AC75E00EF9A53 /* SceneDelegate.swift */,
				F3ACC96B283AC75E00EF9A53 /* AppDelegate.swift */,
			);
			path = "Main Settings";
			sourceTree = "<group>";
		};
		F3ACC980283AD28800EF9A53 /* Controller */ = {
			isa = PBXGroup;
			children = (
				F3FBCA40283D6F8700B82873 /* HomeViewController.swift */,
				F3F637BB283EA7540022EBAB /* MenuViewController.swift */,
			);
			path = Controller;
			sourceTree = "<group>";
		};
		F3ACC981283AD28E00EF9A53 /* Views */ = {
			isa = PBXGroup;
			children = (
				F3655EBA283B77C2006FE545 /* Onboarding */,
				F3ACC976283AC76000EF9A53 /* LaunchScreen.storyboard */,
				F3ACC971283AC75E00EF9A53 /* Main.storyboard */,
			);
			path = Views;
			sourceTree = "<group>";
		};
		F3ACC982283AD29700EF9A53 /* Models */ = {
			isa = PBXGroup;
			children = (
				F3655EC3283B8251006FE545 /* OnboardingSlide.swift */,
				F3FBCA3C283D451F00B82873 /* ListOfCafe.swift */,
			);
			path = Models;
			sourceTree = "<group>";
		};
/* End PBXGroup section */

/* Begin PBXNativeTarget section */
		F3ACC967283AC75E00EF9A53 /* DiFood */ = {
			isa = PBXNativeTarget;
			buildConfigurationList = F3ACC97C283AC76000EF9A53 /* Build configuration list for PBXNativeTarget "DiFood" */;
			buildPhases = (
				F3ACC964283AC75E00EF9A53 /* Sources */,
				F3ACC965283AC75E00EF9A53 /* Frameworks */,
				F3ACC966283AC75E00EF9A53 /* Resources */,
			);
			buildRules = (
			);
			dependencies = (
			);
			name = DiFood;
			productName = DiFood;
			productReference = F3ACC968283AC75E00EF9A53 /* DiFood.app */;
			productType = "com.apple.product-type.application";
		};
/* End PBXNativeTarget section */

/* Begin PBXProject section */
		F3ACC960283AC75E00EF9A53 /* Project object */ = {
			isa = PBXProject;
			attributes = {
				BuildIndependentTargetsInParallel = 1;
				LastSwiftUpdateCheck = 1330;
				LastUpgradeCheck = 1330;
				TargetAttributes = {
					F3ACC967283AC75E00EF9A53 = {
						CreatedOnToolsVersion = 13.3.1;
					};
				};
			};
			buildConfigurationList = F3ACC963283AC75E00EF9A53 /* Build configuration list for PBXProject "DiFood" */;
			compatibilityVersion = "Xcode 13.0";
			developmentRegion = en;
			hasScannedForEncodings = 0;
			knownRegions = (
				en,
				Base,
			);
			mainGroup = F3ACC95F283AC75E00EF9A53;
			productRefGroup = F3ACC969283AC75E00EF9A53 /* Products */;
			projectDirPath = "";
			projectRoot = "";
			targets = (
				F3ACC967283AC75E00EF9A53 /* DiFood */,
			);
		};
/* End PBXProject section */

/* Begin PBXResourcesBuildPhase section */
		F3ACC966283AC75E00EF9A53 /* Resources */ = {
			isa = PBXResourcesBuildPhase;
			buildActionMask = 2147483647;
			files = (
				F3ACC978283AC76000EF9A53 /* LaunchScreen.storyboard in Resources */,
				F3ACC975283AC76000EF9A53 /* Assets.xcassets in Resources */,
				F3ACC973283AC75E00EF9A53 /* Main.storyboard in Resources */,
			);
			runOnlyForDeploymentPostprocessing = 0;
		};
/* End PBXResourcesBuildPhase section */

/* Begin PBXSourcesBuildPhase section */
		F3ACC964283AC75E00EF9A53 /* Sources */ = {
			isa = PBXSourcesBuildPhase;
			buildActionMask = 2147483647;
			files = (
				F3655EC4283B8251006FE545 /* OnboardingSlide.swift in Sources */,
				F3ACC96C283AC75E00EF9A53 /* AppDelegate.swift in Sources */,
				F3ACC96E283AC75E00EF9A53 /* SceneDelegate.swift in Sources */,
				F3FBCA41283D6F8700B82873 /* HomeViewController.swift in Sources */,
				F3F637BC283EA7540022EBAB /* MenuViewController.swift in Sources */,
				F3FBCA3D283D451F00B82873 /* ListOfCafe.swift in Sources */,
				F3655EC2283B8003006FE545 /* UIView+Extension.swift in Sources */,
				F3655EBE283B7C49006FE545 /* OnboardingViewController.swift in Sources */,
				F3655EC6283B855B006FE545 /* OnboardingCollectionViewCell.swift in Sources */,
			);
			runOnlyForDeploymentPostprocessing = 0;
		};
/* End PBXSourcesBuildPhase section */

/* Begin PBXVariantGroup section */
		F3ACC971283AC75E00EF9A53 /* Main.storyboard */ = {
			isa = PBXVariantGroup;
			children = (
				F3ACC972283AC75E00EF9A53 /* Base */,
			);
			name = Main.storyboard;
			sourceTree = "<group>";
		};
		F3ACC976283AC76000EF9A53 /* LaunchScreen.storyboard */ = {
			isa = PBXVariantGroup;
			children = (
				F3ACC977283AC76000EF9A53 /* Base */,
			);
			name = LaunchScreen.storyboard;
			sourceTree = "<group>";
		};
/* End PBXVariantGroup section */

/* Begin XCBuildConfiguration section */
		F3ACC97A283AC76000EF9A53 /* Debug */ = {
			isa = XCBuildConfiguration;
			buildSettings = {
				ALWAYS_SEARCH_USER_PATHS = NO;
				CLANG_ANALYZER_NONNULL = YES;
				CLANG_ANALYZER_NUMBER_OBJECT_CONVERSION = YES_AGGRESSIVE;
				CLANG_CXX_LANGUAGE_STANDARD = "gnu++17";
				CLANG_ENABLE_MODULES = YES;
				CLANG_ENABLE_OBJC_ARC = YES;
				CLANG_ENABLE_OBJC_WEAK = YES;
				CLANG_WARN_BLOCK_CAPTURE_AUTORELEASING = YES;
				CLANG_WARN_BOOL_CONVERSION = YES;
				CLANG_WARN_COMMA = YES;
				CLANG_WARN_CONSTANT_CONVERSION = YES;
				CLANG_WARN_DEPRECATED_OBJC_IMPLEMENTATIONS = YES;
				CLANG_WARN_DIRECT_OBJC_ISA_USAGE = YES_ERROR;
				CLANG_WARN_DOCUMENTATION_COMMENTS = YES;
				CLANG_WARN_EMPTY_BODY = YES;
				CLANG_WARN_ENUM_CONVERSION = YES;
				CLANG_WARN_INFINITE_RECURSION = YES;
				CLANG_WARN_INT_CONVERSION = YES;
				CLANG_WARN_NON_LITERAL_NULL_CONVERSION = YES;
				CLANG_WARN_OBJC_IMPLICIT_RETAIN_SELF = YES;
				CLANG_WARN_OBJC_LITERAL_CONVERSION = YES;
				CLANG_WARN_OBJC_ROOT_CLASS = YES_ERROR;
				CLANG_WARN_QUOTED_INCLUDE_IN_FRAMEWORK_HEADER = YES;
				CLANG_WARN_RANGE_LOOP_ANALYSIS = YES;
				CLANG_WARN_STRICT_PROTOTYPES = YES;
				CLANG_WARN_SUSPICIOUS_MOVE = YES;
				CLANG_WARN_UNGUARDED_AVAILABILITY = YES_AGGRESSIVE;
				CLANG_WARN_UNREACHABLE_CODE = YES;
				CLANG_WARN__DUPLICATE_METHOD_MATCH = YES;
				COPY_PHASE_STRIP = NO;
				DEBUG_INFORMATION_FORMAT = dwarf;
				ENABLE_STRICT_OBJC_MSGSEND = YES;
				ENABLE_TESTABILITY = YES;
				GCC_C_LANGUAGE_STANDARD = gnu11;
				GCC_DYNAMIC_NO_PIC = NO;
				GCC_NO_COMMON_BLOCKS = YES;
				GCC_OPTIMIZATION_LEVEL = 0;
				GCC_PREPROCESSOR_DEFINITIONS = (
					"DEBUG=1",
					"$(inherited)",
				);
				GCC_WARN_64_TO_32_BIT_CONVERSION = YES;
				GCC_WARN_ABOUT_RETURN_TYPE = YES_ERROR;
				GCC_WARN_UNDECLARED_SELECTOR = YES;
				GCC_WARN_UNINITIALIZED_AUTOS = YES_AGGRESSIVE;
				GCC_WARN_UNUSED_FUNCTION = YES;
				GCC_WARN_UNUSED_VARIABLE = YES;
				IPHONEOS_DEPLOYMENT_TARGET = 15.4;
				MTL_ENABLE_DEBUG_INFO = INCLUDE_SOURCE;
				MTL_FAST_MATH = YES;
				ONLY_ACTIVE_ARCH = YES;
				SDKROOT = iphoneos;
				SWIFT_ACTIVE_COMPILATION_CONDITIONS = DEBUG;
				SWIFT_OPTIMIZATION_LEVEL = "-Onone";
			};
			name = Debug;
		};
		F3ACC97B283AC76000EF9A53 /* Release */ = {
			isa = XCBuildConfiguration;
			buildSettings = {
				ALWAYS_SEARCH_USER_PATHS = NO;
				CLANG_ANALYZER_NONNULL = YES;
				CLANG_ANALYZER_NUMBER_OBJECT_CONVERSION = YES_AGGRESSIVE;
				CLANG_CXX_LANGUAGE_STANDARD = "gnu++17";
				CLANG_ENABLE_MODULES = YES;
				CLANG_ENABLE_OBJC_ARC = YES;
				CLANG_ENABLE_OBJC_WEAK = YES;
				CLANG_WARN_BLOCK_CAPTURE_AUTORELEASING = YES;
				CLANG_WARN_BOOL_CONVERSION = YES;
				CLANG_WARN_COMMA = YES;
				CLANG_WARN_CONSTANT_CONVERSION = YES;
				CLANG_WARN_DEPRECATED_OBJC_IMPLEMENTATIONS = YES;
				CLANG_WARN_DIRECT_OBJC_ISA_USAGE = YES_ERROR;
				CLANG_WARN_DOCUMENTATION_COMMENTS = YES;
				CLANG_WARN_EMPTY_BODY = YES;
				CLANG_WARN_ENUM_CONVERSION = YES;
				CLANG_WARN_INFINITE_RECURSION = YES;
				CLANG_WARN_INT_CONVERSION = YES;
				CLANG_WARN_NON_LITERAL_NULL_CONVERSION = YES;
				CLANG_WARN_OBJC_IMPLICIT_RETAIN_SELF = YES;
				CLANG_WARN_OBJC_LITERAL_CONVERSION = YES;
				CLANG_WARN_OBJC_ROOT_CLASS = YES_ERROR;
				CLANG_WARN_QUOTED_INCLUDE_IN_FRAMEWORK_HEADER = YES;
				CLANG_WARN_RANGE_LOOP_ANALYSIS = YES;
				CLANG_WARN_STRICT_PROTOTYPES = YES;
				CLANG_WARN_SUSPICIOUS_MOVE = YES;
				CLANG_WARN_UNGUARDED_AVAILABILITY = YES_AGGRESSIVE;
				CLANG_WARN_UNREACHABLE_CODE = YES;
				CLANG_WARN__DUPLICATE_METHOD_MATCH = YES;
				COPY_PHASE_STRIP = NO;
				DEBUG_INFORMATION_FORMAT = "dwarf-with-dsym";
				ENABLE_NS_ASSERTIONS = NO;
				ENABLE_STRICT_OBJC_MSGSEND = YES;
				GCC_C_LANGUAGE_STANDARD = gnu11;
				GCC_NO_COMMON_BLOCKS = YES;
				GCC_WARN_64_TO_32_BIT_CONVERSION = YES;
				GCC_WARN_ABOUT_RETURN_TYPE = YES_ERROR;
				GCC_WARN_UNDECLARED_SELECTOR = YES;
				GCC_WARN_UNINITIALIZED_AUTOS = YES_AGGRESSIVE;
				GCC_WARN_UNUSED_FUNCTION = YES;
				GCC_WARN_UNUSED_VARIABLE = YES;
				IPHONEOS_DEPLOYMENT_TARGET = 15.4;
				MTL_ENABLE_DEBUG_INFO = NO;
				MTL_FAST_MATH = YES;
				SDKROOT = iphoneos;
				SWIFT_COMPILATION_MODE = wholemodule;
				SWIFT_OPTIMIZATION_LEVEL = "-O";
				VALIDATE_PRODUCT = YES;
			};
			name = Release;
		};
		F3ACC97D283AC76000EF9A53 /* Debug */ = {
			isa = XCBuildConfiguration;
			buildSettings = {
				ASSETCATALOG_COMPILER_APPICON_NAME = AppIcon;
				ASSETCATALOG_COMPILER_GLOBAL_ACCENT_COLOR_NAME = AccentColor;
				CODE_SIGN_STYLE = Automatic;
				CURRENT_PROJECT_VERSION = 1;
				DEVELOPMENT_TEAM = 2H8KXLW6GH;
				GENERATE_INFOPLIST_FILE = YES;
				INFOPLIST_FILE = DiFood/Info.plist;
				INFOPLIST_KEY_UIApplicationSupportsIndirectInputEvents = YES;
				INFOPLIST_KEY_UILaunchStoryboardName = LaunchScreen;
				INFOPLIST_KEY_UIMainStoryboardFile = Main;
				INFOPLIST_KEY_UISupportedInterfaceOrientations = UIInterfaceOrientationPortrait;
				INFOPLIST_KEY_UISupportedInterfaceOrientations_iPad = "UIInterfaceOrientationPortrait UIInterfaceOrientationPortraitUpsideDown UIInterfaceOrientationLandscapeLeft UIInterfaceOrientationLandscapeRight";
				INFOPLIST_KEY_UISupportedInterfaceOrientations_iPhone = "UIInterfaceOrientationPortrait UIInterfaceOrientationLandscapeLeft UIInterfaceOrientationLandscapeRight";
				IPHONEOS_DEPLOYMENT_TARGET = 14.0;
				LD_RUNPATH_SEARCH_PATHS = (
					"$(inherited)",
					"@executable_path/Frameworks",
				);
				MARKETING_VERSION = 1.0;
				PRODUCT_BUNDLE_IDENTIFIER = ru.DiFood;
				PRODUCT_NAME = "$(TARGET_NAME)";
				SWIFT_EMIT_LOC_STRINGS = YES;
				SWIFT_VERSION = 5.0;
				TARGETED_DEVICE_FAMILY = "1,2";
			};
			name = Debug;
		};
		F3ACC97E283AC76000EF9A53 /* Release */ = {
			isa = XCBuildConfiguration;
			buildSettings = {
				ASSETCATALOG_COMPILER_APPICON_NAME = AppIcon;
				ASSETCATALOG_COMPILER_GLOBAL_ACCENT_COLOR_NAME = AccentColor;
				CODE_SIGN_STYLE = Automatic;
				CURRENT_PROJECT_VERSION = 1;
				DEVELOPMENT_TEAM = 2H8KXLW6GH;
				GENERATE_INFOPLIST_FILE = YES;
				INFOPLIST_FILE = DiFood/Info.plist;
				INFOPLIST_KEY_UIApplicationSupportsIndirectInputEvents = YES;
				INFOPLIST_KEY_UILaunchStoryboardName = LaunchScreen;
				INFOPLIST_KEY_UIMainStoryboardFile = Main;
				INFOPLIST_KEY_UISupportedInterfaceOrientations = UIInterfaceOrientationPortrait;
				INFOPLIST_KEY_UISupportedInterfaceOrientations_iPad = "UIInterfaceOrientationPortrait UIInterfaceOrientationPortraitUpsideDown UIInterfaceOrientationLandscapeLeft UIInterfaceOrientationLandscapeRight";
				INFOPLIST_KEY_UISupportedInterfaceOrientations_iPhone = "UIInterfaceOrientationPortrait UIInterfaceOrientationLandscapeLeft UIInterfaceOrientationLandscapeRight";
				IPHONEOS_DEPLOYMENT_TARGET = 14.0;
				LD_RUNPATH_SEARCH_PATHS = (
					"$(inherited)",
					"@executable_path/Frameworks",
				);
				MARKETING_VERSION = 1.0;
				PRODUCT_BUNDLE_IDENTIFIER = ru.DiFood;
				PRODUCT_NAME = "$(TARGET_NAME)";
				SWIFT_EMIT_LOC_STRINGS = YES;
				SWIFT_VERSION = 5.0;
				TARGETED_DEVICE_FAMILY = "1,2";
			};
			name = Release;
		};
/* End XCBuildConfiguration section */

/* Begin XCConfigurationList section */
		F3ACC963283AC75E00EF9A53 /* Build configuration list for PBXProject "DiFood" */ = {
			isa = XCConfigurationList;
			buildConfigurations = (
				F3ACC97A283AC76000EF9A53 /* Debug */,
				F3ACC97B283AC76000EF9A53 /* Release */,
			);
			defaultConfigurationIsVisible = 0;
			defaultConfigurationName = Release;
		};
		F3ACC97C283AC76000EF9A53 /* Build configuration list for PBXNativeTarget "DiFood" */ = {
			isa = XCConfigurationList;
			buildConfigurations = (
				F3ACC97D283AC76000EF9A53 /* Debug */,
				F3ACC97E283AC76000EF9A53 /* Release */,
			);
			defaultConfigurationIsVisible = 0;
			defaultConfigurationName = Release;
		};
/* End XCConfigurationList section */
	};
	rootObject = F3ACC960283AC75E00EF9A53 /* Project object */;
}
